
Microsoft Visual Studio Solution File, Format Version 12.00
# Visual Studio Version 17
VisualStudioVersion = 17.9.34728.123
MinimumVisualStudioVersion = 10.0.40219.1
Project("{9A19103F-16F7-4668-BE54-9A1E7A4F7556}") = "PrimaApp", "PrimaApp\PrimaApp.csproj", "{6F2FD854-9070-4883-8532-4E22AE1155F7}"
EndProject
Project("{9A19103F-16F7-4668-BE54-9A1E7A4F7556}") = "SecondaApp", "SecondaApp\SecondaApp.csproj", "{501FCC4B-C884-4F41-82A7-C8F33D140C3A}"
EndProject
Project("{9A19103F-16F7-4668-BE54-9A1E7A4F7556}") = "TerzaApp", "TerzaApp\TerzaApp.csproj", "{F0EF9D63-1E48-4855-99F1-DA00921F51DE}"
EndProject
Project("{9A19103F-16F7-4668-BE54-9A1E7A4F7556}") = "QuartaApp", "QuartaApp\QuartaApp.csproj", "{0E4DDD81-9EA6-4850-96E8-1495F1C5A0B6}"
EndProject
Project("{9A19103F-16F7-4668-BE54-9A1E7A4F7556}") = "QuintaApp", "QuintaApp\QuintaApp.csproj", "{B3C1CEE1-02E3-448E-AF4E-66030247B8C8}"
EndProject
Project("{9A19103F-16F7-4668-BE54-9A1E7A4F7556}") = "SestaApp", "SestaApp\SestaApp.csproj", "{B889B955-6A7C-468C-8257-C7A8192F6345}"
EndProject
Project("{9A19103F-16F7-4668-BE54-9A1E7A4F7556}") = "SettimaApp", "SettimaApp\SettimaApp.csproj", "{37DCD12A-5C83-443F-A043-492C908F57D2}"
EndProject
Project("{9A19103F-16F7-4668-BE54-9A1E7A4F7556}") = "OttavaApp", "OttavaApp\OttavaApp.csproj", "{DDBA055A-85FA-48C8-B46A-D5908FD0FDD8}"
EndProject
Project("{9A19103F-16F7-4668-BE54-9A1E7A4F7556}") = "NonaApp", "NonaApp\NonaApp.csproj", "{29D4E7C8-05A6-4FCA-A11A-7A0063A2E07F}"
EndProject
Project("{FAE04EC0-301F-11D3-BF4B-00C04F79EFBC}") = "DecimaApp", "DecimaApp\DecimaApp.csproj", "{8BC37502-A855-4582-8BF5-578FAC031CC4}"
EndProject
Global
	GlobalSection(SolutionConfigurationPlatforms) = preSolution
		Debug|Any CPU = Debug|Any CPU
		Release|Any CPU = Release|Any CPU
	EndGlobalSection
	GlobalSection(ProjectConfigurationPlatforms) = postSolution
		{6F2FD854-9070-4883-8532-4E22AE1155F7}.Debug|Any CPU.ActiveCfg = Debug|Any CPU
		{6F2FD854-9070-4883-8532-4E22AE1155F7}.Debug|Any CPU.Build.0 = Debug|Any CPU
		{6F2FD854-9070-4883-8532-4E22AE1155F7}.Release|Any CPU.ActiveCfg = Release|Any CPU
		{6F2FD854-9070-4883-8532-4E22AE1155F7}.Release|Any CPU.Build.0 = Release|Any CPU
		{501FCC4B-C884-4F41-82A7-C8F33D140C3A}.Debug|Any CPU.ActiveCfg = Debug|Any CPU
		{501FCC4B-C884-4F41-82A7-C8F33D140C3A}.Debug|Any CPU.Build.0 = Debug|Any CPU
		{501FCC4B-C884-4F41-82A7-C8F33D140C3A}.Release|Any CPU.ActiveCfg = Release|Any CPU
		{501FCC4B-C884-4F41-82A7-C8F33D140C3A}.Release|Any CPU.Build.0 = Release|Any CPU
		{F0EF9D63-1E48-4855-99F1-DA00921F51DE}.Debug|Any CPU.ActiveCfg = Debug|Any CPU
		{F0EF9D63-1E48-4855-99F1-DA00921F51DE}.Debug|Any CPU.Build.0 = Debug|Any CPU
		{F0EF9D63-1E48-4855-99F1-DA00921F51DE}.Release|Any CPU.ActiveCfg = Release|Any CPU
		{F0EF9D63-1E48-4855-99F1-DA00921F51DE}.Release|Any CPU.Build.0 = Release|Any CPU
		{0E4DDD81-9EA6-4850-96E8-1495F1C5A0B6}.Debug|Any CPU.ActiveCfg = Debug|Any CPU
		{0E4DDD81-9EA6-4850-96E8-1495F1C5A0B6}.Debug|Any CPU.Build.0 = Debug|Any CPU
		{0E4DDD81-9EA6-4850-96E8-1495F1C5A0B6}.Release|Any CPU.ActiveCfg = Release|Any CPU
		{0E4DDD81-9EA6-4850-96E8-1495F1C5A0B6}.Release|Any CPU.Build.0 = Release|Any CPU
		{B3C1CEE1-02E3-448E-AF4E-66030247B8C8}.Debug|Any CPU.ActiveCfg = Debug|Any CPU
		{B3C1CEE1-02E3-448E-AF4E-66030247B8C8}.Debug|Any CPU.Build.0 = Debug|Any CPU
		{B3C1CEE1-02E3-448E-AF4E-66030247B8C8}.Release|Any CPU.ActiveCfg = Release|Any CPU
		{B3C1CEE1-02E3-448E-AF4E-66030247B8C8}.Release|Any CPU.Build.0 = Release|Any CPU
		{B889B955-6A7C-468C-8257-C7A8192F6345}.Debug|Any CPU.ActiveCfg = Debug|Any CPU
		{B889B955-6A7C-468C-8257-C7A8192F6345}.Debug|Any CPU.Build.0 = Debug|Any CPU
		{B889B955-6A7C-468C-8257-C7A8192F6345}.Release|Any CPU.ActiveCfg = Release|Any CPU
		{B889B955-6A7C-468C-8257-C7A8192F6345}.Release|Any CPU.Build.0 = Release|Any CPU
		{37DCD12A-5C83-443F-A043-492C908F57D2}.Debug|Any CPU.ActiveCfg = Debug|Any CPU
		{37DCD12A-5C83-443F-A043-492C908F57D2}.Debug|Any CPU.Build.0 = Debug|Any CPU
		{37DCD12A-5C83-443F-A043-492C908F57D2}.Release|Any CPU.ActiveCfg = Release|Any CPU
		{37DCD12A-5C83-443F-A043-492C908F57D2}.Release|Any CPU.Build.0 = Release|Any CPU
		{DDBA055A-85FA-48C8-B46A-D5908FD0FDD8}.Debug|Any CPU.ActiveCfg = Debug|Any CPU
		{DDBA055A-85FA-48C8-B46A-D5908FD0FDD8}.Debug|Any CPU.Build.0 = Debug|Any CPU
		{DDBA055A-85FA-48C8-B46A-D5908FD0FDD8}.Release|Any CPU.ActiveCfg = Release|Any CPU
		{DDBA055A-85FA-48C8-B46A-D5908FD0FDD8}.Release|Any CPU.Build.0 = Release|Any CPU
		{29D4E7C8-05A6-4FCA-A11A-7A0063A2E07F}.Debug|Any CPU.ActiveCfg = Debug|Any CPU
		{29D4E7C8-05A6-4FCA-A11A-7A0063A2E07F}.Debug|Any CPU.Build.0 = Debug|Any CPU
		{29D4E7C8-05A6-4FCA-A11A-7A0063A2E07F}.Release|Any CPU.ActiveCfg = Release|Any CPU
		{29D4E7C8-05A6-4FCA-A11A-7A0063A2E07F}.Release|Any CPU.Build.0 = Release|Any CPU
		{8BC37502-A855-4582-8BF5-578FAC031CC4}.Debug|Any CPU.ActiveCfg = Debug|Any CPU
		{8BC37502-A855-4582-8BF5-578FAC031CC4}.Debug|Any CPU.Build.0 = Debug|Any CPU
		{8BC37502-A855-4582-8BF5-578FAC031CC4}.Release|Any CPU.ActiveCfg = Release|Any CPU
		{8BC37502-A855-4582-8BF5-578FAC031CC4}.Release|Any CPU.Build.0 = Release|Any CPU
	EndGlobalSection
	GlobalSection(SolutionProperties) = preSolution
		HideSolutionNode = FALSE
	EndGlobalSection
	GlobalSection(ExtensibilityGlobals) = postSolution
		SolutionGuid = {C9BEB1F5-B358-4A2E-B328-43E978B01242}
	EndGlobalSection
EndGlobal
